
Microsoft Visual Studio Solution File, Format Version 12.00
# Visual Studio Version 17
VisualStudioVersion = 17.4.33205.214
MinimumVisualStudioVersion = 10.0.40219.1
Project("{FAE04EC0-301F-11D3-BF4B-00C04F79EFBC}") = "WebApp", "WebApp\WebApp.csproj", "{BE042E8A-F509-4C88-9A99-DBAD0A87A96D}"
EndProject
Global
	GlobalSection(SolutionConfigurationPlatforms) = preSolution
		Debug|Any CPU = Debug|Any CPU
		Release|Any CPU = Release|Any CPU
	EndGlobalSection
	GlobalSection(ProjectConfigurationPlatforms) = postSolution
		{BE042E8A-F509-4C88-9A99-DBAD0A87A96D}.Debug|Any CPU.ActiveCfg = Debug|Any CPU
		{BE042E8A-F509-4C88-9A99-DBAD0A87A96D}.Debug|Any CPU.Build.0 = Debug|Any CPU
		{BE042E8A-F509-4C88-9A99-DBAD0A87A96D}.Release|Any CPU.ActiveCfg = Release|Any CPU
		{BE042E8A-F509-4C88-9A99-DBAD0A87A96D}.Release|Any CPU.Build.0 = Release|Any CPU
	EndGlobalSection
	GlobalSection(SolutionProperties) = preSolution
		HideSolutionNode = FALSE
	EndGlobalSection
	GlobalSection(ExtensibilityGlobals) = postSolution
		SolutionGuid = {FB5961BA-EBC9-48CF-8F1E-8286B9D5D832}
	EndGlobalSection
EndGlobal
